
Microsoft Visual Studio Solution File, Format Version 12.00
# Visual Studio 15
VisualStudioVersion = 15.0.26124.0
MinimumVisualStudioVersion = 15.0.26124.0
Project("{FAE04EC0-301F-11D3-BF4B-00C04F79EFBC}") = "Covid19Watcher.API.Public", "Covid19Watcher.API.Public\Covid19Watcher.API.Public.csproj", "{A9AFFA2D-1D24-485B-A89B-2C68AEEC36A3}"
EndProject
Project("{FAE04EC0-301F-11D3-BF4B-00C04F79EFBC}") = "Covid19Watcher.Application", "Covid19Watcher.Application\Covid19Watcher.Application.csproj", "{B46D7D74-AA48-4F31-95B7-913F57134A00}"
EndProject
Project("{FAE04EC0-301F-11D3-BF4B-00C04F79EFBC}") = "Covid19Watcher.Scraper", "Covid19Watcher.Scraper\Covid19Watcher.Scraper.csproj", "{BB42903D-81AD-4E0A-B96B-3B2FEBFEAD24}"
EndProject
Global
	GlobalSection(SolutionConfigurationPlatforms) = preSolution
		Debug|Any CPU = Debug|Any CPU
		Debug|x64 = Debug|x64
		Debug|x86 = Debug|x86
		Release|Any CPU = Release|Any CPU
		Release|x64 = Release|x64
		Release|x86 = Release|x86
	EndGlobalSection
	GlobalSection(SolutionProperties) = preSolution
		HideSolutionNode = FALSE
	EndGlobalSection
	GlobalSection(ProjectConfigurationPlatforms) = postSolution
		{A9AFFA2D-1D24-485B-A89B-2C68AEEC36A3}.Debug|Any CPU.ActiveCfg = Debug|Any CPU
		{A9AFFA2D-1D24-485B-A89B-2C68AEEC36A3}.Debug|Any CPU.Build.0 = Debug|Any CPU
		{A9AFFA2D-1D24-485B-A89B-2C68AEEC36A3}.Debug|x64.ActiveCfg = Debug|Any CPU
		{A9AFFA2D-1D24-485B-A89B-2C68AEEC36A3}.Debug|x64.Build.0 = Debug|Any CPU
		{A9AFFA2D-1D24-485B-A89B-2C68AEEC36A3}.Debug|x86.ActiveCfg = Debug|Any CPU
		{A9AFFA2D-1D24-485B-A89B-2C68AEEC36A3}.Debug|x86.Build.0 = Debug|Any CPU
		{A9AFFA2D-1D24-485B-A89B-2C68AEEC36A3}.Release|Any CPU.ActiveCfg = Release|Any CPU
		{A9AFFA2D-1D24-485B-A89B-2C68AEEC36A3}.Release|Any CPU.Build.0 = Release|Any CPU
		{A9AFFA2D-1D24-485B-A89B-2C68AEEC36A3}.Release|x64.ActiveCfg = Release|Any CPU
		{A9AFFA2D-1D24-485B-A89B-2C68AEEC36A3}.Release|x64.Build.0 = Release|Any CPU
		{A9AFFA2D-1D24-485B-A89B-2C68AEEC36A3}.Release|x86.ActiveCfg = Release|Any CPU
		{A9AFFA2D-1D24-485B-A89B-2C68AEEC36A3}.Release|x86.Build.0 = Release|Any CPU
		{B46D7D74-AA48-4F31-95B7-913F57134A00}.Debug|Any CPU.ActiveCfg = Debug|Any CPU
		{B46D7D74-AA48-4F31-95B7-913F57134A00}.Debug|Any CPU.Build.0 = Debug|Any CPU
		{B46D7D74-AA48-4F31-95B7-913F57134A00}.Debug|x64.ActiveCfg = Debug|Any CPU
		{B46D7D74-AA48-4F31-95B7-913F57134A00}.Debug|x64.Build.0 = Debug|Any CPU
		{B46D7D74-AA48-4F31-95B7-913F57134A00}.Debug|x86.ActiveCfg = Debug|Any CPU
		{B46D7D74-AA48-4F31-95B7-913F57134A00}.Debug|x86.Build.0 = Debug|Any CPU
		{B46D7D74-AA48-4F31-95B7-913F57134A00}.Release|Any CPU.ActiveCfg = Release|Any CPU
		{B46D7D74-AA48-4F31-95B7-913F57134A00}.Release|Any CPU.Build.0 = Release|Any CPU
		{B46D7D74-AA48-4F31-95B7-913F57134A00}.Release|x64.ActiveCfg = Release|Any CPU
		{B46D7D74-AA48-4F31-95B7-913F57134A00}.Release|x64.Build.0 = Release|Any CPU
		{B46D7D74-AA48-4F31-95B7-913F57134A00}.Release|x86.ActiveCfg = Release|Any CPU
		{B46D7D74-AA48-4F31-95B7-913F57134A00}.Release|x86.Build.0 = Release|Any CPU
		{BB42903D-81AD-4E0A-B96B-3B2FEBFEAD24}.Debug|Any CPU.ActiveCfg = Debug|Any CPU
		{BB42903D-81AD-4E0A-B96B-3B2FEBFEAD24}.Debug|Any CPU.Build.0 = Debug|Any CPU
		{BB42903D-81AD-4E0A-B96B-3B2FEBFEAD24}.Debug|x64.ActiveCfg = Debug|Any CPU
		{BB42903D-81AD-4E0A-B96B-3B2FEBFEAD24}.Debug|x64.Build.0 = Debug|Any CPU
		{BB42903D-81AD-4E0A-B96B-3B2FEBFEAD24}.Debug|x86.ActiveCfg = Debug|Any CPU
		{BB42903D-81AD-4E0A-B96B-3B2FEBFEAD24}.Debug|x86.Build.0 = Debug|Any CPU
		{BB42903D-81AD-4E0A-B96B-3B2FEBFEAD24}.Release|Any CPU.ActiveCfg = Release|Any CPU
		{BB42903D-81AD-4E0A-B96B-3B2FEBFEAD24}.Release|Any CPU.Build.0 = Release|Any CPU
		{BB42903D-81AD-4E0A-B96B-3B2FEBFEAD24}.Release|x64.ActiveCfg = Release|Any CPU
		{BB42903D-81AD-4E0A-B96B-3B2FEBFEAD24}.Release|x64.Build.0 = Release|Any CPU
		{BB42903D-81AD-4E0A-B96B-3B2FEBFEAD24}.Release|x86.ActiveCfg = Release|Any CPU
		{BB42903D-81AD-4E0A-B96B-3B2FEBFEAD24}.Release|x86.Build.0 = Release|Any CPU
	EndGlobalSection
EndGlobal
